
Microsoft Visual Studio Solution File, Format Version 12.00
# Visual Studio Version 17
VisualStudioVersion = 17.5.33627.172
MinimumVisualStudioVersion = 10.0.40219.1
Project("{888888A0-9F3D-457C-B088-3A5042F75D52}") = "Amazon_Best_Seller_Essays_Scraper", "Amazon_Best_Seller_Essays_Scraper.pyproj", "{A998964D-997A-472F-8A36-2BC6F752C7DE}"
EndProject
Global
	GlobalSection(SolutionConfigurationPlatforms) = preSolution
		Debug|Any CPU = Debug|Any CPU
		Release|Any CPU = Release|Any CPU
	EndGlobalSection
	GlobalSection(ProjectConfigurationPlatforms) = postSolution
		{A998964D-997A-472F-8A36-2BC6F752C7DE}.Debug|Any CPU.ActiveCfg = Debug|Any CPU
		{A998964D-997A-472F-8A36-2BC6F752C7DE}.Release|Any CPU.ActiveCfg = Release|Any CPU
	EndGlobalSection
	GlobalSection(SolutionProperties) = preSolution
		HideSolutionNode = FALSE
	EndGlobalSection
	GlobalSection(ExtensibilityGlobals) = postSolution
		SolutionGuid = {CEFF015B-BECB-441B-B840-FF31B5E3ED36}
	EndGlobalSection
EndGlobal
